# THIS IS AN AUTOGENERATED FILE. DO NOT EDIT THIS FILE DIRECTLY.
# yarn lockfile v1


"@socket.io/base64-arraybuffer@~1.0.2":
  version "1.0.2"
  resolved "https://registry.yarnpkg.com/@socket.io/base64-arraybuffer/-/base64-arraybuffer-1.0.2.tgz#568d9beae00b0d835f4f8c53fd55714986492e61"
  integrity sha512-dOlCBKnDw4iShaIsH/bxujKTM18+2TOAsYz+KSc11Am38H4q5Xw8Bbz97ZYdrVNM+um3p7w86Bvvmcn9q+5+eQ==

"@socket.io/component-emitter@~3.0.0":
  version "3.0.0"
  resolved "https://registry.yarnpkg.com/@socket.io/component-emitter/-/component-emitter-3.0.0.tgz#8863915676f837d9dad7b76f50cb500c1e9422e9"
  integrity sha512-2pTGuibAXJswAPJjaKisthqS/NOK5ypG4LYT6tEAV0S/mxW0zOIvYvGK0V8w8+SHxAm6vRMSjqSalFXeBAqs+Q==

"@types/node@^14.14.35":
  version "14.18.10"
  resolved "https://registry.yarnpkg.com/@types/node/-/node-14.18.10.tgz#774f43868964f3cfe4ced1f5417fe15818a4eaea"
  integrity sha512-6iihJ/Pp5fsFJ/aEDGyvT4pHGmCpq7ToQ/yf4bl5SbVAvwpspYJ+v3jO7n8UyjhQVHTy+KNszOozDdv+O6sovQ==

"@types/socket.io-client@^3.0.0":
  version "3.0.0"
  resolved "https://registry.yarnpkg.com/@types/socket.io-client/-/socket.io-client-3.0.0.tgz#d0b8ea22121b7c1df68b6a923002f9c8e3cefb42"
  integrity sha512-s+IPvFoEIjKA3RdJz/Z2dGR4gLgysKi8owcnrVwNjgvc01Lk68LJDDsG2GRqegFITcxmvCMYM7bhMpwEMlHmDg==
  dependencies:
    socket.io-client "*"

arg@^4.1.0:
  version "4.1.3"
  resolved "https://registry.yarnpkg.com/arg/-/arg-4.1.3.tgz#269fc7ad5b8e42cb63c896d5666017261c144089"
  integrity sha512-58S9QDqG0Xx27YwPSt9fJxivjYl432YCwfDMfZ+71RAqUrZef7LrKQZ3LHLOwCS4FLNBplP533Zx895SeOCHvA==

backo2@~1.0.2:
  version "1.0.2"
  resolved "https://registry.yarnpkg.com/backo2/-/backo2-1.0.2.tgz#31ab1ac8b129363463e35b3ebb69f4dfcfba7947"
  integrity sha1-MasayLEpNjRj41s+u2n038+6eUc=

balanced-match@^1.0.0:
  version "1.0.2"
  resolved "https://registry.yarnpkg.com/balanced-match/-/balanced-match-1.0.2.tgz#e83e3a7e3f300b34cb9d87f615fa0cbf357690ee"
  integrity sha512-3oSeUO0TMV67hN1AmbXsK4yaqU7tjiHlbxRDZOpH0KW9+CeX4bRAaX0Anxt0tx2MrpRpWwQaPwIlISEJhYU5Pw==

brace-expansion@^1.1.7:
  version "1.1.11"
  resolved "https://registry.yarnpkg.com/brace-expansion/-/brace-expansion-1.1.11.tgz#3c7fcbf529d87226f3d2f52b966ff5271eb441dd"
  integrity sha512-iCuPHDFgrHX7H2vEI/5xpz07zSHB00TpugqhmYtVmMO6518mCuRMoOYFldEBl0g187ufozdaHgWKcYFb61qGiA==
  dependencies:
    balanced-match "^1.0.0"
    concat-map "0.0.1"

buffer-from@^1.0.0:
  version "1.1.2"
  resolved "https://registry.yarnpkg.com/buffer-from/-/buffer-from-1.1.2.tgz#2b146a6fd72e80b4f55d255f35ed59a3a9a41bd5"
  integrity sha512-E+XQCRwSbaaiChtv6k6Dwgc+bx+Bs6vuKJHHl5kox/BaKbhiXzqQOwK4cO22yElGp2OCmjwVhT3HmxgyPGnJfQ==

concat-map@0.0.1:
  version "0.0.1"
  resolved "https://registry.yarnpkg.com/concat-map/-/concat-map-0.0.1.tgz#d8a96bd77fd68df7793a73036a3ba0d5405d477b"
  integrity sha1-2Klr13/Wjfd5OnMDajug1UBdR3s=

create-require@^1.1.0:
  version "1.1.1"
  resolved "https://registry.yarnpkg.com/create-require/-/create-require-1.1.1.tgz#c1d7e8f1e5f6cfc9ff65f9cd352d37348756c333"
  integrity sha512-dcKFX3jn0MpIaXjisoRvexIJVEKzaq7z2rZKxf+MSr9TkdmHmsU4m2lcLojrj/FHl8mk5VxMmYA+ftRkP/3oKQ==

debug@~4.3.1, debug@~4.3.2:
  version "4.3.3"
  resolved "https://registry.yarnpkg.com/debug/-/debug-4.3.3.tgz#04266e0b70a98d4462e6e288e38259213332b664"
  integrity sha512-/zxw5+vh1Tfv+4Qn7a5nsbcJKPaSvCDhojn6FEl9vupwK2VCSDtEiEtqr8DFtzYFOdz63LBkxec7DYuc2jon6Q==
  dependencies:
    ms "2.1.2"

diff@^4.0.1:
  version "4.0.2"
  resolved "https://registry.yarnpkg.com/diff/-/diff-4.0.2.tgz#60f3aecb89d5fae520c11aa19efc2bb982aade7d"
  integrity sha512-58lmxKSA4BNyLz+HHMUzlOEpg09FV+ev6ZMe3vJihgdxzgcwZ8VoEEPmALCZG9LmqfVoNMMKpttIYTVG6uDY7A==

engine.io-client@~6.1.1:
  version "6.1.1"
  resolved "https://registry.yarnpkg.com/engine.io-client/-/engine.io-client-6.1.1.tgz#800d4b9db5487d169686729e5bd887afa78d36b0"
  integrity sha512-V05mmDo4gjimYW+FGujoGmmmxRaDsrVr7AXA3ZIfa04MWM1jOfZfUwou0oNqhNwy/votUDvGDt4JA4QF4e0b4g==
  dependencies:
    "@socket.io/component-emitter" "~3.0.0"
    debug "~4.3.1"
    engine.io-parser "~5.0.0"
    has-cors "1.1.0"
    parseqs "0.0.6"
    parseuri "0.0.6"
    ws "~8.2.3"
    xmlhttprequest-ssl "~2.0.0"
    yeast "0.1.2"

engine.io-parser@~5.0.0:
  version "5.0.3"
  resolved "https://registry.yarnpkg.com/engine.io-parser/-/engine.io-parser-5.0.3.tgz#ca1f0d7b11e290b4bfda251803baea765ed89c09"
  integrity sha512-BtQxwF27XUNnSafQLvDi0dQ8s3i6VgzSoQMJacpIcGNrlUdfHSKbgm3jmjCVvQluGzqwujQMPAoMai3oYSTurg==
  dependencies:
    "@socket.io/base64-arraybuffer" "~1.0.2"

esbuild-android-arm64@0.14.18:
  version "0.14.18"
  resolved "https://registry.yarnpkg.com/esbuild-android-arm64/-/esbuild-android-arm64-0.14.18.tgz#027a1cd57e57c6219341e116c4ac41a9952d69d1"
  integrity sha512-AuE8vIwc6QLquwykyscFk0Ji3RFczoOvjka64FJlcjLLhD6VsS584RYlQrSnPpRkv69PunUvyrBoEF7JFTJijg==

esbuild-darwin-64@0.14.18:
  version "0.14.18"
  resolved "https://registry.yarnpkg.com/esbuild-darwin-64/-/esbuild-darwin-64-0.14.18.tgz#a219c50aa98b5bc08d7ce3677f5bae4b8aa5101b"
  integrity sha512-nN1XziZtDy8QYOggaXC3zu0vVh8YJpS8Bol7bHaxx0enTLDSFBCXUUJEKYpmAAJ4OZRPgjXv8NzEHHQWQvLzXg==

esbuild-darwin-arm64@0.14.18:
  version "0.14.18"
  resolved "https://registry.yarnpkg.com/esbuild-darwin-arm64/-/esbuild-darwin-arm64-0.14.18.tgz#eb2d17d33c5991c183c99843698182bb702eb592"
  integrity sha512-v0i2n6TCsbxco/W1fN8RgQt3RW00Q9zJO2eqiAdmLWg6Hx0HNHloZyfhF11i7nMUUgW8r5n++ZweIXjAFPE/gQ==

esbuild-freebsd-64@0.14.18:
  version "0.14.18"
  resolved "https://registry.yarnpkg.com/esbuild-freebsd-64/-/esbuild-freebsd-64-0.14.18.tgz#de06b6ce361bdf51fb66e59b220f67c4124cc728"
  integrity sha512-XLyJZTWbSuQJOqw867tBxvto6GjxULvWZYKs6RFHYQPCqgQ0ODLRtBmp4Fqqpde52yOe45npaaoup9IXNfr32A==

esbuild-freebsd-arm64@0.14.18:
  version "0.14.18"
  resolved "https://registry.yarnpkg.com/esbuild-freebsd-arm64/-/esbuild-freebsd-arm64-0.14.18.tgz#59bb55cd6ac1b2b3c43536c067d8356f4ae7e310"
  integrity sha512-0ItfrR8hePnDcUXxUQxY+VfICcBfeMJCdK6mcNUXnXw6LyHjyUYXWpFXF+J18pg1/YUWRWO1HbsJ7FEwELcQIA==

esbuild-linux-32@0.14.18:
  version "0.14.18"
  resolved "https://registry.yarnpkg.com/esbuild-linux-32/-/esbuild-linux-32-0.14.18.tgz#ff68f7ec7c8b8c7dddab4d6e65f1a1d0ff3ab0b9"
  integrity sha512-mnG84D9NsEsoQdBpBT0IsFjm5iAwnd81SP4tRMXZLl09lPvIWjHHSq6LDlb4+L5H5K5y68WC//X5Dr2MtNY3DQ==

esbuild-linux-64@0.14.18:
  version "0.14.18"
  resolved "https://registry.yarnpkg.com/esbuild-linux-64/-/esbuild-linux-64-0.14.18.tgz#d4083d9833580090452a095cd2216100d86f3c7a"
  integrity sha512-HvExRtkeA8l/p+7Lf6aBrnLH+jTCFJTUMJxGKExh2RD8lCXGTeDJFyP+BOEetP80fuuH+Syj79+LVQ9MihdBsg==

esbuild-linux-arm64@0.14.18:
  version "0.14.18"
  resolved "https://registry.yarnpkg.com/esbuild-linux-arm64/-/esbuild-linux-arm64-0.14.18.tgz#8ce21e188ab9fcdb512f4ada9a637014c1294bec"
  integrity sha512-CCWmilODE1ckw+M7RVqoqKWA4UB0alCyK2bv0ikEeEAwkzinlJeoe94t9CnT/ECSQ2sL+C16idsr+aUviGp7sg==

esbuild-linux-arm@0.14.18:
  version "0.14.18"
  resolved "https://registry.yarnpkg.com/esbuild-linux-arm/-/esbuild-linux-arm-0.14.18.tgz#a5e1d684c451f379b1dfef7b5a2dcad84cce3f79"
  integrity sha512-+ZL8xfXVNaeaZ2Kxqlw2VYZWRDZ7NSK4zOV9GKNAtkkWURLsPUU84aUOBatRe9BH1O5FDo3LLQSlaA04ed6lhA==

esbuild-linux-mips64le@0.14.18:
  version "0.14.18"
  resolved "https://registry.yarnpkg.com/esbuild-linux-mips64le/-/esbuild-linux-mips64le-0.14.18.tgz#c3890f178745a9c65bad64322be2b3611c240041"
  integrity sha512-8LjO4+6Vxz5gbyCHO4OONYMF689nLderCtzb8lG1Bncs4ZXHpo6bjvuWeTMRbGUkvAhp+P6hMTzia7RHOC53wQ==

esbuild-linux-ppc64le@0.14.18:
  version "0.14.18"
  resolved "https://registry.yarnpkg.com/esbuild-linux-ppc64le/-/esbuild-linux-ppc64le-0.14.18.tgz#a355f515ca84839f5301f8ef745a2b329105e232"
  integrity sha512-0OJk/6iYEmF1J7LXY6+cqf6Ga5vG4an7n1nubTKce7kYqaTyNGfYcTjDZce6lnDVlZTJtwntIMszq1+ZX7Kenw==

esbuild-linux-s390x@0.14.18:
  version "0.14.18"
  resolved "https://registry.yarnpkg.com/esbuild-linux-s390x/-/esbuild-linux-s390x-0.14.18.tgz#81721c22387912778c67495d0a34527f7a2cde66"
  integrity sha512-UNY7YKZHjY31KcNanJK4QaT2/aoIQyS+jViP3QuDRIoYAogRnc6WydylzIkkEzGMaC4fzaXOmQ8fxwpLAXK4Yg==

esbuild-netbsd-64@0.14.18:
  version "0.14.18"
  resolved "https://registry.yarnpkg.com/esbuild-netbsd-64/-/esbuild-netbsd-64-0.14.18.tgz#eaee109d527a58b582f8fa933d9cadf8840758c2"
  integrity sha512-wE/2xT9KNzLCfEBw24YbVmMmXH92cFIzrRPUlwWH9dIizjvEYYcyQ+peTMVkqzUum7pdlVLZ2CDDqAaZo/nW/w==

esbuild-openbsd-64@0.14.18:
  version "0.14.18"
  resolved "https://registry.yarnpkg.com/esbuild-openbsd-64/-/esbuild-openbsd-64-0.14.18.tgz#96a42615f5548529b7bb32d024bb9c6fb542778c"
  integrity sha512-vdymE2jyuH/FRmTvrguCYSrq81/rUwuhMYyvt/6ibv9ac7xQ674c8qTdT+RH73sR9/2WUD/NsYxrBA/wUVTxcg==

esbuild-sunos-64@0.14.18:
  version "0.14.18"
  resolved "https://registry.yarnpkg.com/esbuild-sunos-64/-/esbuild-sunos-64-0.14.18.tgz#869723d73a5f35ba2a4a6c043694d952bd4f831b"
  integrity sha512-X/Tesy6K1MdJF1d5cbzFDxrIMMn0ye+VgTQRI8P5Vo2CcKxOdckwsKUwpRAvg+VDZ6MxrSOTYS9OOoggPUjxTg==

esbuild-windows-32@0.14.18:
  version "0.14.18"
  resolved "https://registry.yarnpkg.com/esbuild-windows-32/-/esbuild-windows-32-0.14.18.tgz#197c8833ed0f6a82055ab63861777749d0ce95c0"
  integrity sha512-glG23I/JzCL4lu7DWFUtVwqFwNwlL0g+ks+mcjjUisHcINoSXTeCNToUN0bHhzn6IlXXnggNQ38Ew/idHPM8+g==

esbuild-windows-64@0.14.18:
  version "0.14.18"
  resolved "https://registry.yarnpkg.com/esbuild-windows-64/-/esbuild-windows-64-0.14.18.tgz#569832a99d87fc931a081fe7761c100578275be0"
  integrity sha512-zEiFKHgV/3z14wsVamV98/5mxeOwz+ecyg0pD3fWcBz9j4EOIT1Tg47axypD4QLwiKFvve9mUBYX1cD99qxOyw==

esbuild-windows-arm64@0.14.18:
  version "0.14.18"
  resolved "https://registry.yarnpkg.com/esbuild-windows-arm64/-/esbuild-windows-arm64-0.14.18.tgz#c1991848fca7b051d1d036d0723406da9696105d"
  integrity sha512-Mh8lZFcPLat13dABN7lZThGUOn9YxoH5RYkhBq0U3WqQohHzKRhllYh7ibFixnkpMLnv8OZEbl8bGLMy03MpfA==

esbuild@^0.14.18:
  version "0.14.18"
  resolved "https://registry.yarnpkg.com/esbuild/-/esbuild-0.14.18.tgz#9c5f58c506ec9e0ec335d20bcb3f9dbd086d0648"
  integrity sha512-vCUoISSltnX7ax01w70pWOSQT+e55o+2P/a+A9MSTukJAt3T4aDZajcjeG4fnZbkvOEv+dkKgdkvljz6vVQD4A==
  optionalDependencies:
    esbuild-android-arm64 "0.14.18"
    esbuild-darwin-64 "0.14.18"
    esbuild-darwin-arm64 "0.14.18"
    esbuild-freebsd-64 "0.14.18"
    esbuild-freebsd-arm64 "0.14.18"
    esbuild-linux-32 "0.14.18"
    esbuild-linux-64 "0.14.18"
    esbuild-linux-arm "0.14.18"
    esbuild-linux-arm64 "0.14.18"
    esbuild-linux-mips64le "0.14.18"
    esbuild-linux-ppc64le "0.14.18"
    esbuild-linux-s390x "0.14.18"
    esbuild-netbsd-64 "0.14.18"
    esbuild-openbsd-64 "0.14.18"
    esbuild-sunos-64 "0.14.18"
    esbuild-windows-32 "0.14.18"
    esbuild-windows-64 "0.14.18"
    esbuild-windows-arm64 "0.14.18"

fs.realpath@^1.0.0:
  version "1.0.0"
  resolved "https://registry.yarnpkg.com/fs.realpath/-/fs.realpath-1.0.0.tgz#1504ad2523158caa40db4a2787cb01411994ea4f"
  integrity sha1-FQStJSMVjKpA20onh8sBQRmU6k8=

glob@^7.1.3:
  version "7.2.0"
  resolved "https://registry.yarnpkg.com/glob/-/glob-7.2.0.tgz#d15535af7732e02e948f4c41628bd910293f6023"
  integrity sha512-lmLf6gtyrPq8tTjSmrO94wBeQbFR3HbLHbuyD69wuyQkImp2hWqMGB47OX65FBkPffO641IP9jWa1z4ivqG26Q==
  dependencies:
    fs.realpath "^1.0.0"
    inflight "^1.0.4"
    inherits "2"
    minimatch "^3.0.4"
    once "^1.3.0"
    path-is-absolute "^1.0.0"

has-cors@1.1.0:
  version "1.1.0"
  resolved "https://registry.yarnpkg.com/has-cors/-/has-cors-1.1.0.tgz#5e474793f7ea9843d1bb99c23eef49ff126fff39"
  integrity sha1-XkdHk/fqmEPRu5nCPu9J/xJv/zk=

inflight@^1.0.4:
  version "1.0.6"
  resolved "https://registry.yarnpkg.com/inflight/-/inflight-1.0.6.tgz#49bd6331d7d02d0c09bc910a1075ba8165b56df9"
  integrity sha1-Sb1jMdfQLQwJvJEKEHW6gWW1bfk=
  dependencies:
    once "^1.3.0"
    wrappy "1"

inherits@2:
  version "2.0.4"
  resolved "https://registry.yarnpkg.com/inherits/-/inherits-2.0.4.tgz#0fa2c64f932917c3433a0ded55363aae37416b7c"
  integrity sha512-k/vGaX4/Yla3WzyMCvTQOXYeIHvqOKtnqBduzTHpzpQZzAskKMhZ2K+EnBiSM9zGSoIFeMpXKxa4dYeZIQqewQ==

make-error@^1.1.1:
  version "1.3.6"
  resolved "https://registry.yarnpkg.com/make-error/-/make-error-1.3.6.tgz#2eb2e37ea9b67c4891f684a1394799af484cf7a2"
  integrity sha512-s8UhlNe7vPKomQhC1qFelMokr/Sc3AgNbso3n74mVPA5LTZwkB9NlXf4XPamLxJE8h0gh73rM94xvwRT2CVInw==

minimatch@^3.0.4:
  version "3.0.4"
  resolved "https://registry.yarnpkg.com/minimatch/-/minimatch-3.0.4.tgz#5166e286457f03306064be5497e8dbb0c3d32083"
  integrity sha512-yJHVQEhyqPLUTgt9B83PXu6W3rx4MvvHvSUvToogpwoGDOUQ+yDrR0HRot+yOCdCO7u4hX3pWft6kWBBcqh0UA==
  dependencies:
    brace-expansion "^1.1.7"

ms@2.1.2:
  version "2.1.2"
  resolved "https://registry.yarnpkg.com/ms/-/ms-2.1.2.tgz#d09d1f357b443f493382a8eb3ccd183872ae6009"
  integrity sha512-sGkPx+VjMtmA6MX27oA4FBFELFCZZ4S4XqeGOXCv68tT+jb3vk/RyaKWP0PTKyWtmLSM0b+adUTEvbs1PEaH2w==

once@^1.3.0:
  version "1.4.0"
  resolved "https://registry.yarnpkg.com/once/-/once-1.4.0.tgz#583b1aa775961d4b113ac17d9c50baef9dd76bd1"
  integrity sha1-WDsap3WWHUsROsF9nFC6753Xa9E=
  dependencies:
    wrappy "1"

parseqs@0.0.6:
  version "0.0.6"
  resolved "https://registry.yarnpkg.com/parseqs/-/parseqs-0.0.6.tgz#8e4bb5a19d1cdc844a08ac974d34e273afa670d5"
  integrity sha512-jeAGzMDbfSHHA091hr0r31eYfTig+29g3GKKE/PPbEQ65X0lmMwlEoqmhzu0iztID5uJpZsFlUPDP8ThPL7M8w==

parseuri@0.0.6:
  version "0.0.6"
  resolved "https://registry.yarnpkg.com/parseuri/-/parseuri-0.0.6.tgz#e1496e829e3ac2ff47f39a4dd044b32823c4a25a"
  integrity sha512-AUjen8sAkGgao7UyCX6Ahv0gIK2fABKmYjvP4xmy5JaKvcbTRueIqIPHLAfq30xJddqSE033IOMUSOMCcK3Sow==

path-is-absolute@^1.0.0:
  version "1.0.1"
  resolved "https://registry.yarnpkg.com/path-is-absolute/-/path-is-absolute-1.0.1.tgz#174b9268735534ffbc7ace6bf53a5a9e1b5c5f5f"
  integrity sha1-F0uSaHNVNP+8es5r9TpanhtcX18=

rimraf@^3.0.2:
  version "3.0.2"
  resolved "https://registry.yarnpkg.com/rimraf/-/rimraf-3.0.2.tgz#f1a5402ba6220ad52cc1282bac1ae3aa49fd061a"
  integrity sha512-JZkJMZkAGFFPP2YqXZXPbMlMBgsxzE8ILs4lMIX/2o0L9UBw9O/Y3o6wFw/i9YLapcUJWwqbi3kdxIPdC62TIA==
  dependencies:
    glob "^7.1.3"

socket.io-client@*, socket.io-client@^4.4.0:
  version "4.4.1"
  resolved "https://registry.yarnpkg.com/socket.io-client/-/socket.io-client-4.4.1.tgz#b6aa9448149d09b8d0b2bbf3d2fac310631fdec9"
  integrity sha512-N5C/L5fLNha5Ojd7Yeb/puKcPWWcoB/A09fEjjNsg91EDVr5twk/OEyO6VT9dlLSUNY85NpW6KBhVMvaLKQ3vQ==
  dependencies:
    "@socket.io/component-emitter" "~3.0.0"
    backo2 "~1.0.2"
    debug "~4.3.2"
    engine.io-client "~6.1.1"
    parseuri "0.0.6"
    socket.io-parser "~4.1.1"

socket.io-parser@~4.1.1:
  version "4.1.1"
  resolved "https://registry.yarnpkg.com/socket.io-parser/-/socket.io-parser-4.1.1.tgz#0ad53d980781cab1eabe320417d8480c0133e62d"
  integrity sha512-USQVLSkDWE5nbcY760ExdKaJxCE65kcsG/8k5FDGZVVxpD1pA7hABYXYkCUvxUuYYh/+uQw0N/fvBzfT8o07KA==
  dependencies:
    "@socket.io/component-emitter" "~3.0.0"
    debug "~4.3.1"

source-map-support@^0.5.17:
  version "0.5.21"
  resolved "https://registry.yarnpkg.com/source-map-support/-/source-map-support-0.5.21.tgz#04fe7c7f9e1ed2d662233c28cb2b35b9f63f6e4f"
  integrity sha512-uBHU3L3czsIyYXKX88fdrGovxdSCoTGDRZ6SYXtSRxLZUzHg5P/66Ht6uoUlHu9EZod+inXhKo3qQgwXUT/y1w==
  dependencies:
    buffer-from "^1.0.0"
    source-map "^0.6.0"

source-map@^0.6.0:
  version "0.6.1"
  resolved "https://registry.yarnpkg.com/source-map/-/source-map-0.6.1.tgz#74722af32e9614e9c287a8d0bbde48b5e2f1a263"
  integrity sha512-UjgapumWlbMhkBgzT7Ykc5YXUT46F0iKu8SGXq0bcwP5dz/h0Plj6enJqjz1Zbq2l5WaqYnrVbwWOWMyF3F47g==

ts-node@^9.1.1:
  version "9.1.1"
  resolved "https://registry.yarnpkg.com/ts-node/-/ts-node-9.1.1.tgz#51a9a450a3e959401bda5f004a72d54b936d376d"
  integrity sha512-hPlt7ZACERQGf03M253ytLY3dHbGNGrAq9qIHWUY9XHYl1z7wYngSr3OQ5xmui8o2AaxsONxIzjafLUiWBo1Fg==
  dependencies:
    arg "^4.1.0"
    create-require "^1.1.0"
    diff "^4.0.1"
    make-error "^1.1.1"
    source-map-support "^0.5.17"
    yn "3.1.1"

typescript@^4.2.3:
  version "4.5.5"
  resolved "https://registry.yarnpkg.com/typescript/-/typescript-4.5.5.tgz#d8c953832d28924a9e3d37c73d729c846c5896f3"
  integrity sha512-TCTIul70LyWe6IJWT8QSYeA54WQe8EjQFU4wY52Fasj5UKx88LNYKCgBEHcOMOrFF1rKGbD8v/xcNWVUq9SymA==

wrappy@1:
  version "1.0.2"
  resolved "https://registry.yarnpkg.com/wrappy/-/wrappy-1.0.2.tgz#b5243d8f3ec1aa35f1364605bc0d1036e30ab69f"
  integrity sha1-tSQ9jz7BqjXxNkYFvA0QNuMKtp8=

ws@~8.2.3:
  version "8.2.3"
  resolved "https://registry.yarnpkg.com/ws/-/ws-8.2.3.tgz#63a56456db1b04367d0b721a0b80cae6d8becbba"
  integrity sha512-wBuoj1BDpC6ZQ1B7DWQBYVLphPWkm8i9Y0/3YdHjHKHiohOJ1ws+3OccDWtH+PoC9DZD5WOTrJvNbWvjS6JWaA==

xmlhttprequest-ssl@~2.0.0:
  version "2.0.0"
  resolved "https://registry.yarnpkg.com/xmlhttprequest-ssl/-/xmlhttprequest-ssl-2.0.0.tgz#91360c86b914e67f44dce769180027c0da618c67"
  integrity sha512-QKxVRxiRACQcVuQEYFsI1hhkrMlrXHPegbbd1yn9UHOmRxY+si12nQYzri3vbzt8VdTTRviqcKxcyllFas5z2A==

yeast@0.1.2:
  version "0.1.2"
  resolved "https://registry.yarnpkg.com/yeast/-/yeast-0.1.2.tgz#008e06d8094320c372dbc2f8ed76a0ca6c8ac419"
  integrity sha1-AI4G2AlDIMNy28L47XagymyKxBk=

yn@3.1.1:
  version "3.1.1"
  resolved "https://registry.yarnpkg.com/yn/-/yn-3.1.1.tgz#1e87401a09d767c1d5eab26a6e4c185182d2eb50"
  integrity sha512-Ux4ygGWsu2c7isFWe8Yu1YluJmqVhxqK2cLXNQA5AcC3QfbGNpM7fu0Y8b/z16pXLnFxZYvWhd3fhBY9DLmC6Q==
